
Microsoft Visual Studio Solution File, Format Version 12.00
# Visual Studio Version 16
VisualStudioVersion = 16.0.31005.135
MinimumVisualStudioVersion = 10.0.40219.1
Project("{FAE04EC0-301F-11D3-BF4B-00C04F79EFBC}") = "Ultimate app", "Ultimate app.csproj", "{7B9A5685-5708-42EE-AB0E-FA35C3398F18}"
EndProject
Global
	GlobalSection(SolutionConfigurationPlatforms) = preSolution
		Debug|Any CPU = Debug|Any CPU
		Release|Any CPU = Release|Any CPU
	EndGlobalSection
	GlobalSection(ProjectConfigurationPlatforms) = postSolution
		{7B9A5685-5708-42EE-AB0E-FA35C3398F18}.Debug|Any CPU.ActiveCfg = Debug|Any CPU
		{7B9A5685-5708-42EE-AB0E-FA35C3398F18}.Debug|Any CPU.Build.0 = Debug|Any CPU
		{7B9A5685-5708-42EE-AB0E-FA35C3398F18}.Release|Any CPU.ActiveCfg = Release|Any CPU
		{7B9A5685-5708-42EE-AB0E-FA35C3398F18}.Release|Any CPU.Build.0 = Release|Any CPU
	EndGlobalSection
	GlobalSection(SolutionProperties) = preSolution
		HideSolutionNode = FALSE
	EndGlobalSection
	GlobalSection(ExtensibilityGlobals) = postSolution
		SolutionGuid = {C7E8A69C-2C1F-4C62-B93F-5AEF268E3490}
	EndGlobalSection
EndGlobal
